
Microsoft Visual Studio Solution File, Format Version 12.00
# Visual Studio 15
VisualStudioVersion = 15.0.27428.2037
MinimumVisualStudioVersion = 10.0.40219.1
Project("{9A19103F-16F7-4668-BE54-9A1E7A4F7556}") = "CrossCutting.Authentication", "Domain\Entities.Authentication\CrossCutting.Authentication.csproj", "{43CAC204-156D-4101-A4BB-6CDBA5B5F026}"
EndProject
Project("{2150E333-8FDC-42A3-9474-1A3956D46DE8}") = "Domain", "Domain", "{BFE84D63-BA41-4F45-9955-A39FDD9A8C9A}"
EndProject
Project("{2150E333-8FDC-42A3-9474-1A3956D46DE8}") = "Infra", "Infra", "{3620E2A1-6E7D-487E-8836-D92FA55D4071}"
EndProject
Project("{2150E333-8FDC-42A3-9474-1A3956D46DE8}") = "CrossCutting", "CrossCutting", "{78BD822F-E2F1-407C-9155-9C26FC810499}"
EndProject
Project("{2150E333-8FDC-42A3-9474-1A3956D46DE8}") = "Presentation", "Presentation", "{B3C031F6-7C70-457D-AA05-03933BE24957}"
EndProject
Project("{2150E333-8FDC-42A3-9474-1A3956D46DE8}") = "Application", "Application", "{FB2A7B41-18EC-42AD-9DCA-49FC6513C1B2}"
EndProject
Project("{2150E333-8FDC-42A3-9474-1A3956D46DE8}") = "ApplicationServices", "ApplicationServices", "{74BD48B9-B4CC-4F91-A29F-0C011E8B3501}"
EndProject
Project("{9A19103F-16F7-4668-BE54-9A1E7A4F7556}") = "ApplicationServices.Authentication", "ApplicationServices\ApplicationServices.Authentication\ApplicationServices.Authentication.csproj", "{A8D26FB9-4614-48D6-BCDB-544065FC96E9}"
EndProject
Project("{9A19103F-16F7-4668-BE54-9A1E7A4F7556}") = "Application.Authentication", "Application\Application.Authentication\Application.Authentication.csproj", "{56B7F782-4B26-4AE9-BAAB-3BCD60ACCDC6}"
EndProject
Project("{9A19103F-16F7-4668-BE54-9A1E7A4F7556}") = "RepositoriesServices.Authentication", "Infra\RepositoriesServices.Authentication\RepositoriesServices.Authentication.csproj", "{8218018B-D974-4EB8-9843-363DE5B2BCC7}"
EndProject
Project("{2150E333-8FDC-42A3-9474-1A3956D46DE8}") = "Scripts", "Scripts", "{4FE3BB12-68FB-4985-8333-630064CBEF0D}"
EndProject
Project("{00D1A9C2-B5F0-4AF3-8072-F6C62B433612}") = "Scripts", "Scripts\Scripts-Authentication\Scripts.sqlproj", "{EB7F19B7-3A82-4DB5-A33A-77380629FA2B}"
EndProject
Project("{9A19103F-16F7-4668-BE54-9A1E7A4F7556}") = "Entities.CloseFriends", "Domain\Entities.Person\Entities.CloseFriends.csproj", "{952F54B1-E433-43AF-A8AC-30A9AD2080CF}"
EndProject
Project("{9A19103F-16F7-4668-BE54-9A1E7A4F7556}") = "APICloseFriends", "Presentation\APICloseFriends\APICloseFriends.csproj", "{A6CC0E8D-864E-4358-AF53-46CB088C67CF}"
EndProject
Project("{9A19103F-16F7-4668-BE54-9A1E7A4F7556}") = "ApplicationServices.CloseFriends", "ApplicationServices\ApplicationServices.CloseFriends\ApplicationServices.CloseFriends.csproj", "{3B828551-7483-4188-8EAA-25F1D0EE1F17}"
EndProject
Project("{9A19103F-16F7-4668-BE54-9A1E7A4F7556}") = "Application.CloseFriends", "Application\Application.CloseFriends\Application.CloseFriends.csproj", "{CBC3B638-857D-4EAD-9B2C-2B32617E7930}"
EndProject
Project("{9A19103F-16F7-4668-BE54-9A1E7A4F7556}") = "RepositoriesServices.CloseFriends", "Infra\RepositoriesServices.CloseFriends\RepositoriesServices.CloseFriends.csproj", "{E429E307-D178-420B-93B6-01D26E3C6211}"
EndProject
Project("{9A19103F-16F7-4668-BE54-9A1E7A4F7556}") = "Repositories.CloseFriends", "Infra\Repositories.CloseFriends\Repositories.CloseFriends.csproj", "{D6325F78-6A9D-4756-AA62-4C697E094DA7}"
EndProject
Project("{9A19103F-16F7-4668-BE54-9A1E7A4F7556}") = "Repositories.Authentication", "Infra\Repositories.Authentication\Repositories.Authentication.csproj", "{4805A76E-C8B9-4894-81AF-CC59FABDBDB8}"
EndProject
Project("{FAE04EC0-301F-11D3-BF4B-00C04F79EFBC}") = "ApplicationServices.CalcLog", "ApplicationServices\ApplicationServices.CalcLog\ApplicationServices.CalcLog.csproj", "{781CF5FD-F0F0-452A-899A-92FB6A41E5C7}"
EndProject
Project("{FAE04EC0-301F-11D3-BF4B-00C04F79EFBC}") = "Application.CalcLog", "Application\Application.CalcLog\Application.CalcLog.csproj", "{F070B1DB-AE44-4847-AD0D-032530C9D428}"
EndProject
Project("{FAE04EC0-301F-11D3-BF4B-00C04F79EFBC}") = "RepositoriesService.CalcLog", "Infra\RepositoriesService.CalcLog\RepositoriesService.CalcLog.csproj", "{B5C2607A-D6A8-47ED-BF79-E1386D20C4BE}"
EndProject
Project("{FAE04EC0-301F-11D3-BF4B-00C04F79EFBC}") = "Repositories.CalcLog", "Infra\Repositories.CalcLog\Repositories.CalcLog.csproj", "{52ADA9C1-44E2-49B0-85C2-4DA899892F30}"
EndProject
Project("{FAE04EC0-301F-11D3-BF4B-00C04F79EFBC}") = "ConsoleAppCloseFriends", "Presentation\ConsoleAppCloseFriends\ConsoleAppCloseFriends.csproj", "{ACF2A052-AE26-4BAB-8E24-CD8583291A6E}"
EndProject
Project("{2150E333-8FDC-42A3-9474-1A3956D46DE8}") = "Tests", "Tests", "{4BBF18A8-188B-476B-B60B-6B60175CA1F4}"
EndProject
Project("{2150E333-8FDC-42A3-9474-1A3956D46DE8}") = "Documents", "Documents", "{632389E3-48F6-4617-ABCD-F1C32F859569}"
EndProject
Project("{FAE04EC0-301F-11D3-BF4B-00C04F79EFBC}") = "Tests.CloseFriends", "Tests\Tests.CloseFriends\Tests.CloseFriends.csproj", "{1D5B4CD6-64E0-429E-94CE-91FBCDC9CB71}"
EndProject
Project("{E53339B2-1760-4266-BCC7-CA923CBCF16C}") = "docker-compose", "docker-compose.dcproj", "{EF5EE70A-041F-4F67-B219-B55214F3188F}"
EndProject
Global
	GlobalSection(SolutionConfigurationPlatforms) = preSolution
		Debug|Any CPU = Debug|Any CPU
		Release|Any CPU = Release|Any CPU
	EndGlobalSection
	GlobalSection(ProjectConfigurationPlatforms) = postSolution
		{43CAC204-156D-4101-A4BB-6CDBA5B5F026}.Debug|Any CPU.ActiveCfg = Debug|Any CPU
		{43CAC204-156D-4101-A4BB-6CDBA5B5F026}.Debug|Any CPU.Build.0 = Debug|Any CPU
		{43CAC204-156D-4101-A4BB-6CDBA5B5F026}.Release|Any CPU.ActiveCfg = Release|Any CPU
		{43CAC204-156D-4101-A4BB-6CDBA5B5F026}.Release|Any CPU.Build.0 = Release|Any CPU
		{A8D26FB9-4614-48D6-BCDB-544065FC96E9}.Debug|Any CPU.ActiveCfg = Debug|Any CPU
		{A8D26FB9-4614-48D6-BCDB-544065FC96E9}.Debug|Any CPU.Build.0 = Debug|Any CPU
		{A8D26FB9-4614-48D6-BCDB-544065FC96E9}.Release|Any CPU.ActiveCfg = Release|Any CPU
		{A8D26FB9-4614-48D6-BCDB-544065FC96E9}.Release|Any CPU.Build.0 = Release|Any CPU
		{56B7F782-4B26-4AE9-BAAB-3BCD60ACCDC6}.Debug|Any CPU.ActiveCfg = Debug|Any CPU
		{56B7F782-4B26-4AE9-BAAB-3BCD60ACCDC6}.Debug|Any CPU.Build.0 = Debug|Any CPU
		{56B7F782-4B26-4AE9-BAAB-3BCD60ACCDC6}.Release|Any CPU.ActiveCfg = Release|Any CPU
		{56B7F782-4B26-4AE9-BAAB-3BCD60ACCDC6}.Release|Any CPU.Build.0 = Release|Any CPU
		{8218018B-D974-4EB8-9843-363DE5B2BCC7}.Debug|Any CPU.ActiveCfg = Debug|Any CPU
		{8218018B-D974-4EB8-9843-363DE5B2BCC7}.Debug|Any CPU.Build.0 = Debug|Any CPU
		{8218018B-D974-4EB8-9843-363DE5B2BCC7}.Release|Any CPU.ActiveCfg = Release|Any CPU
		{8218018B-D974-4EB8-9843-363DE5B2BCC7}.Release|Any CPU.Build.0 = Release|Any CPU
		{EB7F19B7-3A82-4DB5-A33A-77380629FA2B}.Debug|Any CPU.ActiveCfg = Debug|Any CPU
		{EB7F19B7-3A82-4DB5-A33A-77380629FA2B}.Release|Any CPU.ActiveCfg = Release|Any CPU
		{EB7F19B7-3A82-4DB5-A33A-77380629FA2B}.Release|Any CPU.Build.0 = Release|Any CPU
		{EB7F19B7-3A82-4DB5-A33A-77380629FA2B}.Release|Any CPU.Deploy.0 = Release|Any CPU
		{952F54B1-E433-43AF-A8AC-30A9AD2080CF}.Debug|Any CPU.ActiveCfg = Debug|Any CPU
		{952F54B1-E433-43AF-A8AC-30A9AD2080CF}.Debug|Any CPU.Build.0 = Debug|Any CPU
		{952F54B1-E433-43AF-A8AC-30A9AD2080CF}.Release|Any CPU.ActiveCfg = Release|Any CPU
		{952F54B1-E433-43AF-A8AC-30A9AD2080CF}.Release|Any CPU.Build.0 = Release|Any CPU
		{A6CC0E8D-864E-4358-AF53-46CB088C67CF}.Debug|Any CPU.ActiveCfg = Debug|Any CPU
		{A6CC0E8D-864E-4358-AF53-46CB088C67CF}.Debug|Any CPU.Build.0 = Debug|Any CPU
		{A6CC0E8D-864E-4358-AF53-46CB088C67CF}.Release|Any CPU.ActiveCfg = Release|Any CPU
		{A6CC0E8D-864E-4358-AF53-46CB088C67CF}.Release|Any CPU.Build.0 = Release|Any CPU
		{3B828551-7483-4188-8EAA-25F1D0EE1F17}.Debug|Any CPU.ActiveCfg = Debug|Any CPU
		{3B828551-7483-4188-8EAA-25F1D0EE1F17}.Debug|Any CPU.Build.0 = Debug|Any CPU
		{3B828551-7483-4188-8EAA-25F1D0EE1F17}.Release|Any CPU.ActiveCfg = Release|Any CPU
		{3B828551-7483-4188-8EAA-25F1D0EE1F17}.Release|Any CPU.Build.0 = Release|Any CPU
		{CBC3B638-857D-4EAD-9B2C-2B32617E7930}.Debug|Any CPU.ActiveCfg = Debug|Any CPU
		{CBC3B638-857D-4EAD-9B2C-2B32617E7930}.Debug|Any CPU.Build.0 = Debug|Any CPU
		{CBC3B638-857D-4EAD-9B2C-2B32617E7930}.Release|Any CPU.ActiveCfg = Release|Any CPU
		{CBC3B638-857D-4EAD-9B2C-2B32617E7930}.Release|Any CPU.Build.0 = Release|Any CPU
		{E429E307-D178-420B-93B6-01D26E3C6211}.Debug|Any CPU.ActiveCfg = Debug|Any CPU
		{E429E307-D178-420B-93B6-01D26E3C6211}.Debug|Any CPU.Build.0 = Debug|Any CPU
		{E429E307-D178-420B-93B6-01D26E3C6211}.Release|Any CPU.ActiveCfg = Release|Any CPU
		{E429E307-D178-420B-93B6-01D26E3C6211}.Release|Any CPU.Build.0 = Release|Any CPU
		{D6325F78-6A9D-4756-AA62-4C697E094DA7}.Debug|Any CPU.ActiveCfg = Debug|Any CPU
		{D6325F78-6A9D-4756-AA62-4C697E094DA7}.Debug|Any CPU.Build.0 = Debug|Any CPU
		{D6325F78-6A9D-4756-AA62-4C697E094DA7}.Release|Any CPU.ActiveCfg = Release|Any CPU
		{D6325F78-6A9D-4756-AA62-4C697E094DA7}.Release|Any CPU.Build.0 = Release|Any CPU
		{4805A76E-C8B9-4894-81AF-CC59FABDBDB8}.Debug|Any CPU.ActiveCfg = Debug|Any CPU
		{4805A76E-C8B9-4894-81AF-CC59FABDBDB8}.Debug|Any CPU.Build.0 = Debug|Any CPU
		{4805A76E-C8B9-4894-81AF-CC59FABDBDB8}.Release|Any CPU.ActiveCfg = Release|Any CPU
		{4805A76E-C8B9-4894-81AF-CC59FABDBDB8}.Release|Any CPU.Build.0 = Release|Any CPU
		{781CF5FD-F0F0-452A-899A-92FB6A41E5C7}.Debug|Any CPU.ActiveCfg = Debug|Any CPU
		{781CF5FD-F0F0-452A-899A-92FB6A41E5C7}.Debug|Any CPU.Build.0 = Debug|Any CPU
		{781CF5FD-F0F0-452A-899A-92FB6A41E5C7}.Release|Any CPU.ActiveCfg = Release|Any CPU
		{781CF5FD-F0F0-452A-899A-92FB6A41E5C7}.Release|Any CPU.Build.0 = Release|Any CPU
		{F070B1DB-AE44-4847-AD0D-032530C9D428}.Debug|Any CPU.ActiveCfg = Debug|Any CPU
		{F070B1DB-AE44-4847-AD0D-032530C9D428}.Debug|Any CPU.Build.0 = Debug|Any CPU
		{F070B1DB-AE44-4847-AD0D-032530C9D428}.Release|Any CPU.ActiveCfg = Release|Any CPU
		{F070B1DB-AE44-4847-AD0D-032530C9D428}.Release|Any CPU.Build.0 = Release|Any CPU
		{B5C2607A-D6A8-47ED-BF79-E1386D20C4BE}.Debug|Any CPU.ActiveCfg = Debug|Any CPU
		{B5C2607A-D6A8-47ED-BF79-E1386D20C4BE}.Debug|Any CPU.Build.0 = Debug|Any CPU
		{B5C2607A-D6A8-47ED-BF79-E1386D20C4BE}.Release|Any CPU.ActiveCfg = Release|Any CPU
		{B5C2607A-D6A8-47ED-BF79-E1386D20C4BE}.Release|Any CPU.Build.0 = Release|Any CPU
		{52ADA9C1-44E2-49B0-85C2-4DA899892F30}.Debug|Any CPU.ActiveCfg = Debug|Any CPU
		{52ADA9C1-44E2-49B0-85C2-4DA899892F30}.Debug|Any CPU.Build.0 = Debug|Any CPU
		{52ADA9C1-44E2-49B0-85C2-4DA899892F30}.Release|Any CPU.ActiveCfg = Release|Any CPU
		{52ADA9C1-44E2-49B0-85C2-4DA899892F30}.Release|Any CPU.Build.0 = Release|Any CPU
		{ACF2A052-AE26-4BAB-8E24-CD8583291A6E}.Debug|Any CPU.ActiveCfg = Debug|Any CPU
		{ACF2A052-AE26-4BAB-8E24-CD8583291A6E}.Debug|Any CPU.Build.0 = Debug|Any CPU
		{ACF2A052-AE26-4BAB-8E24-CD8583291A6E}.Release|Any CPU.ActiveCfg = Release|Any CPU
		{ACF2A052-AE26-4BAB-8E24-CD8583291A6E}.Release|Any CPU.Build.0 = Release|Any CPU
		{1D5B4CD6-64E0-429E-94CE-91FBCDC9CB71}.Debug|Any CPU.ActiveCfg = Debug|Any CPU
		{1D5B4CD6-64E0-429E-94CE-91FBCDC9CB71}.Debug|Any CPU.Build.0 = Debug|Any CPU
		{1D5B4CD6-64E0-429E-94CE-91FBCDC9CB71}.Release|Any CPU.ActiveCfg = Release|Any CPU
		{1D5B4CD6-64E0-429E-94CE-91FBCDC9CB71}.Release|Any CPU.Build.0 = Release|Any CPU
		{EF5EE70A-041F-4F67-B219-B55214F3188F}.Debug|Any CPU.ActiveCfg = Debug|Any CPU
		{EF5EE70A-041F-4F67-B219-B55214F3188F}.Debug|Any CPU.Build.0 = Debug|Any CPU
		{EF5EE70A-041F-4F67-B219-B55214F3188F}.Release|Any CPU.ActiveCfg = Release|Any CPU
		{EF5EE70A-041F-4F67-B219-B55214F3188F}.Release|Any CPU.Build.0 = Release|Any CPU
	EndGlobalSection
	GlobalSection(SolutionProperties) = preSolution
		HideSolutionNode = FALSE
	EndGlobalSection
	GlobalSection(NestedProjects) = preSolution
		{43CAC204-156D-4101-A4BB-6CDBA5B5F026} = {78BD822F-E2F1-407C-9155-9C26FC810499}
		{A8D26FB9-4614-48D6-BCDB-544065FC96E9} = {74BD48B9-B4CC-4F91-A29F-0C011E8B3501}
		{56B7F782-4B26-4AE9-BAAB-3BCD60ACCDC6} = {FB2A7B41-18EC-42AD-9DCA-49FC6513C1B2}
		{8218018B-D974-4EB8-9843-363DE5B2BCC7} = {3620E2A1-6E7D-487E-8836-D92FA55D4071}
		{EB7F19B7-3A82-4DB5-A33A-77380629FA2B} = {4FE3BB12-68FB-4985-8333-630064CBEF0D}
		{952F54B1-E433-43AF-A8AC-30A9AD2080CF} = {BFE84D63-BA41-4F45-9955-A39FDD9A8C9A}
		{A6CC0E8D-864E-4358-AF53-46CB088C67CF} = {B3C031F6-7C70-457D-AA05-03933BE24957}
		{3B828551-7483-4188-8EAA-25F1D0EE1F17} = {74BD48B9-B4CC-4F91-A29F-0C011E8B3501}
		{CBC3B638-857D-4EAD-9B2C-2B32617E7930} = {FB2A7B41-18EC-42AD-9DCA-49FC6513C1B2}
		{E429E307-D178-420B-93B6-01D26E3C6211} = {3620E2A1-6E7D-487E-8836-D92FA55D4071}
		{D6325F78-6A9D-4756-AA62-4C697E094DA7} = {3620E2A1-6E7D-487E-8836-D92FA55D4071}
		{4805A76E-C8B9-4894-81AF-CC59FABDBDB8} = {3620E2A1-6E7D-487E-8836-D92FA55D4071}
		{781CF5FD-F0F0-452A-899A-92FB6A41E5C7} = {74BD48B9-B4CC-4F91-A29F-0C011E8B3501}
		{F070B1DB-AE44-4847-AD0D-032530C9D428} = {FB2A7B41-18EC-42AD-9DCA-49FC6513C1B2}
		{B5C2607A-D6A8-47ED-BF79-E1386D20C4BE} = {3620E2A1-6E7D-487E-8836-D92FA55D4071}
		{52ADA9C1-44E2-49B0-85C2-4DA899892F30} = {3620E2A1-6E7D-487E-8836-D92FA55D4071}
		{ACF2A052-AE26-4BAB-8E24-CD8583291A6E} = {B3C031F6-7C70-457D-AA05-03933BE24957}
		{1D5B4CD6-64E0-429E-94CE-91FBCDC9CB71} = {4BBF18A8-188B-476B-B60B-6B60175CA1F4}
	EndGlobalSection
	GlobalSection(ExtensibilityGlobals) = postSolution
		SolutionGuid = {21B4C445-82FE-4A6F-BED2-2A6E937D4D81}
	EndGlobalSection
EndGlobal
